
Microsoft Visual Studio Solution File, Format Version 12.00
# Visual Studio Version 17
VisualStudioVersion = 17.7.34024.191
MinimumVisualStudioVersion = 10.0.40219.1
Project("{FAE04EC0-301F-11D3-BF4B-00C04F79EFBC}") = "Lab13", "Lab13\Lab13.csproj", "{E15D2DB1-F2CB-4021-8B22-4348A4699FEC}"
EndProject
Project("{FAE04EC0-301F-11D3-BF4B-00C04F79EFBC}") = "Task4", "Task4\Task4.csproj", "{8807D809-3A82-4582-BF0F-5612A0EE95BE}"
EndProject
Global
	GlobalSection(SolutionConfigurationPlatforms) = preSolution
		Debug|Any CPU = Debug|Any CPU
		Release|Any CPU = Release|Any CPU
	EndGlobalSection
	GlobalSection(ProjectConfigurationPlatforms) = postSolution
		{E15D2DB1-F2CB-4021-8B22-4348A4699FEC}.Debug|Any CPU.ActiveCfg = Debug|Any CPU
		{E15D2DB1-F2CB-4021-8B22-4348A4699FEC}.Debug|Any CPU.Build.0 = Debug|Any CPU
		{E15D2DB1-F2CB-4021-8B22-4348A4699FEC}.Release|Any CPU.ActiveCfg = Release|Any CPU
		{E15D2DB1-F2CB-4021-8B22-4348A4699FEC}.Release|Any CPU.Build.0 = Release|Any CPU
		{8807D809-3A82-4582-BF0F-5612A0EE95BE}.Debug|Any CPU.ActiveCfg = Debug|Any CPU
		{8807D809-3A82-4582-BF0F-5612A0EE95BE}.Debug|Any CPU.Build.0 = Debug|Any CPU
		{8807D809-3A82-4582-BF0F-5612A0EE95BE}.Release|Any CPU.ActiveCfg = Release|Any CPU
		{8807D809-3A82-4582-BF0F-5612A0EE95BE}.Release|Any CPU.Build.0 = Release|Any CPU
	EndGlobalSection
	GlobalSection(SolutionProperties) = preSolution
		HideSolutionNode = FALSE
	EndGlobalSection
	GlobalSection(ExtensibilityGlobals) = postSolution
		SolutionGuid = {BB4F8844-8E92-4A46-9AFA-FB652ED58993}
	EndGlobalSection
EndGlobal
