
Microsoft Visual Studio Solution File, Format Version 12.00
# Visual Studio Version 17
VisualStudioVersion = 17.7.34024.191
MinimumVisualStudioVersion = 10.0.40219.1
Project("{FAE04EC0-301F-11D3-BF4B-00C04F79EFBC}") = "Lab03", "Lab03\Lab03.csproj", "{69467C8C-52B8-437B-BA4C-D8BE54F902AD}"
EndProject
Global
	GlobalSection(SolutionConfigurationPlatforms) = preSolution
		Debug|Any CPU = Debug|Any CPU
		Release|Any CPU = Release|Any CPU
	EndGlobalSection
	GlobalSection(ProjectConfigurationPlatforms) = postSolution
		{69467C8C-52B8-437B-BA4C-D8BE54F902AD}.Debug|Any CPU.ActiveCfg = Debug|Any CPU
		{69467C8C-52B8-437B-BA4C-D8BE54F902AD}.Debug|Any CPU.Build.0 = Debug|Any CPU
		{69467C8C-52B8-437B-BA4C-D8BE54F902AD}.Release|Any CPU.ActiveCfg = Release|Any CPU
		{69467C8C-52B8-437B-BA4C-D8BE54F902AD}.Release|Any CPU.Build.0 = Release|Any CPU
	EndGlobalSection
	GlobalSection(SolutionProperties) = preSolution
		HideSolutionNode = FALSE
	EndGlobalSection
	GlobalSection(ExtensibilityGlobals) = postSolution
		SolutionGuid = {875D7C4D-1575-4D76-A4F2-091CB4E6497E}
	EndGlobalSection
EndGlobal
